
Microsoft Visual Studio Solution File, Format Version 12.00
# Visual Studio Version 17
VisualStudioVersion = 17.8.34408.163
MinimumVisualStudioVersion = 10.0.40219.1
Project("{FAE04EC0-301F-11D3-BF4B-00C04F79EFBC}") = "Payment_StrategyPattern", "Payment_StrategyPattern.csproj", "{522E6CBB-83CE-43A3-9129-4AAA1C1F1D4E}"
EndProject
Global
	GlobalSection(SolutionConfigurationPlatforms) = preSolution
		Debug|Any CPU = Debug|Any CPU
		Release|Any CPU = Release|Any CPU
	EndGlobalSection
	GlobalSection(ProjectConfigurationPlatforms) = postSolution
		{522E6CBB-83CE-43A3-9129-4AAA1C1F1D4E}.Debug|Any CPU.ActiveCfg = Debug|Any CPU
		{522E6CBB-83CE-43A3-9129-4AAA1C1F1D4E}.Debug|Any CPU.Build.0 = Debug|Any CPU
		{522E6CBB-83CE-43A3-9129-4AAA1C1F1D4E}.Release|Any CPU.ActiveCfg = Release|Any CPU
		{522E6CBB-83CE-43A3-9129-4AAA1C1F1D4E}.Release|Any CPU.Build.0 = Release|Any CPU
	EndGlobalSection
	GlobalSection(SolutionProperties) = preSolution
		HideSolutionNode = FALSE
	EndGlobalSection
	GlobalSection(ExtensibilityGlobals) = postSolution
		SolutionGuid = {9DBA0F77-64D5-41E7-8EAF-93C2B311DBDA}
	EndGlobalSection
EndGlobal
